
Microsoft Visual Studio Solution File, Format Version 12.00
# Visual Studio Version 17
VisualStudioVersion = 17.6.33723.286
MinimumVisualStudioVersion = 10.0.40219.1
Project("{FAE04EC0-301F-11D3-BF4B-00C04F79EFBC}") = "Lesson08", "Lesson08.csproj", "{8C70E56F-F45A-47FE-917A-4151E0C0711F}"
EndProject
Global
	GlobalSection(SolutionConfigurationPlatforms) = preSolution
		Debug|Any CPU = Debug|Any CPU
		Release|Any CPU = Release|Any CPU
	EndGlobalSection
	GlobalSection(ProjectConfigurationPlatforms) = postSolution
		{8C70E56F-F45A-47FE-917A-4151E0C0711F}.Debug|Any CPU.ActiveCfg = Debug|Any CPU
		{8C70E56F-F45A-47FE-917A-4151E0C0711F}.Debug|Any CPU.Build.0 = Debug|Any CPU
		{8C70E56F-F45A-47FE-917A-4151E0C0711F}.Release|Any CPU.ActiveCfg = Release|Any CPU
		{8C70E56F-F45A-47FE-917A-4151E0C0711F}.Release|Any CPU.Build.0 = Release|Any CPU
	EndGlobalSection
	GlobalSection(SolutionProperties) = preSolution
		HideSolutionNode = FALSE
	EndGlobalSection
	GlobalSection(ExtensibilityGlobals) = postSolution
		SolutionGuid = {856317D2-F1B9-477A-A90A-58709084039A}
	EndGlobalSection
EndGlobal
